
Microsoft Visual Studio Solution File, Format Version 11.00
# Visual Studio 2010
Project("{8BC9CEB8-8B4A-11D0-8D11-00A0C91BC942}") = "Jpeg2000Transcoder", "Jpeg2000Transcoder\Jpeg2000Transcoder.vcxproj", "{337933C3-1074-441A-8649-551230AC39F0}"
EndProject
Global
	GlobalSection(SolutionConfigurationPlatforms) = preSolution
		Debug|Win32 = Debug|Win32
		Debug|x64 = Debug|x64
		Release|Win32 = Release|Win32
		Release|x64 = Release|x64
	EndGlobalSection
	GlobalSection(ProjectConfigurationPlatforms) = postSolution
		{337933C3-1074-441A-8649-551230AC39F0}.Debug|Win32.ActiveCfg = Debug|Win32
		{337933C3-1074-441A-8649-551230AC39F0}.Debug|Win32.Build.0 = Debug|Win32
		{337933C3-1074-441A-8649-551230AC39F0}.Debug|x64.ActiveCfg = Debug|x64
		{337933C3-1074-441A-8649-551230AC39F0}.Debug|x64.Build.0 = Debug|x64
		{337933C3-1074-441A-8649-551230AC39F0}.Release|Win32.ActiveCfg = Release|Win32
		{337933C3-1074-441A-8649-551230AC39F0}.Release|Win32.Build.0 = Release|Win32
		{337933C3-1074-441A-8649-551230AC39F0}.Release|x64.ActiveCfg = Release|x64
		{337933C3-1074-441A-8649-551230AC39F0}.Release|x64.Build.0 = Release|x64
	EndGlobalSection
	GlobalSection(SolutionProperties) = preSolution
		HideSolutionNode = FALSE
	EndGlobalSection
EndGlobal
